
Microsoft Visual Studio Solution File, Format Version 12.00
# Visual Studio Version 16
VisualStudioVersion = 16.0.31624.102
MinimumVisualStudioVersion = 10.0.40219.1
Project("{FAE04EC0-301F-11D3-BF4B-00C04F79EFBC}") = "Week6Lab", "Week6Lab.csproj", "{B7BD71D7-B0E5-4B5C-8E69-DF26C17AB1EB}"
EndProject
Global
	GlobalSection(SolutionConfigurationPlatforms) = preSolution
		Debug|Any CPU = Debug|Any CPU
		Release|Any CPU = Release|Any CPU
	EndGlobalSection
	GlobalSection(ProjectConfigurationPlatforms) = postSolution
		{B7BD71D7-B0E5-4B5C-8E69-DF26C17AB1EB}.Debug|Any CPU.ActiveCfg = Debug|Any CPU
		{B7BD71D7-B0E5-4B5C-8E69-DF26C17AB1EB}.Debug|Any CPU.Build.0 = Debug|Any CPU
		{B7BD71D7-B0E5-4B5C-8E69-DF26C17AB1EB}.Release|Any CPU.ActiveCfg = Release|Any CPU
		{B7BD71D7-B0E5-4B5C-8E69-DF26C17AB1EB}.Release|Any CPU.Build.0 = Release|Any CPU
	EndGlobalSection
	GlobalSection(SolutionProperties) = preSolution
		HideSolutionNode = FALSE
	EndGlobalSection
	GlobalSection(ExtensibilityGlobals) = postSolution
		SolutionGuid = {BAF5E5FA-8588-4272-85BA-514EFD655D34}
	EndGlobalSection
EndGlobal
